{
  "name": "insta-battle",
  "version": "1.0.0",
  "lockfileVersion": 1,
  "requires": true,
  "dependencies": {
    "axios": {
      "version": "0.18.1",
      "resolved": "https://registry.npmjs.org/axios/-/axios-0.18.1.tgz",
      "integrity": "sha512-0BfJq4NSfQXd+SkFdrvFbG7addhYSBA2mQwISr46pD6E5iqkWg02RAs8vyTT/j0RTnoYmeXauBuSv1qKwR179g==",
      "requires": {
        "follow-redirects": "1.5.10",
        "is-buffer": "^2.0.2"
      },
      "dependencies": {
        "debug": {
          "version": "3.1.0",
          "resolved": "https://registry.npmjs.org/debug/-/debug-3.1.0.tgz",
          "integrity": "sha512-OX8XqP7/1a9cqkxYw2yXss15f26NKWBpDXQd0/uK/KPqdQhxbPa994hnzjcE2VqQpDslf55723cKPUOGSmMY3g==",
          "requires": {
            "ms": "2.0.0"
          }
        },
        "follow-redirects": {
          "version": "1.5.10",
          "resolved": "https://registry.npmjs.org/follow-redirects/-/follow-redirects-1.5.10.tgz",
          "integrity": "sha512-0V5l4Cizzvqt5D44aTXbFZz+FtyXV1vrDN6qrelxtfYQKW0KO0W2T/hkE8xvGa/540LkZlkaUjO4ailYTFtHVQ==",
          "requires": {
            "debug": "=3.1.0"
          }
        },
        "is-buffer": {
          "version": "2.0.5",
          "resolved": "https://registry.npmjs.org/is-buffer/-/is-buffer-2.0.5.tgz",
          "integrity": "sha512-i2R6zNFDwgEHJyQUtJEk0XFi1i0dPFn/oqjK3/vPCcDeJvW5NQ83V8QbicfF1SupOaB0h8ntgBC2YiE7dfyctQ=="
        }
      }
    },
    "babel-core": {
      "version": "6.26.0",
      "resolved": "https://registry.npmjs.org/babel-core/-/babel-core-6.26.0.tgz",
      "integrity": "sha1-rzL3izGm/O8RnIew/Y2XU/A6C7g=",
      "dev": true,
      "dependencies": {
        "babel-code-frame": {
          "version": "6.26.0",
          "resolved": "https://registry.npmjs.org/babel-code-frame/-/babel-code-frame-6.26.0.tgz",
          "integrity": "sha1-Y/1D99weO7fONZR9uP42mj9Yx0s="
        },
        "babel-runtime": {
          "version": "6.26.0",
          "resolved": "https://registry.npmjs.org/babel-runtime/-/babel-runtime-6.26.0.tgz",
          "integrity": "sha1-llxwWGaOgrVde/4E/yM3vItWR/4="
        },
        "babel-template": {
          "version": "6.26.0",
          "resolved": "https://registry.npmjs.org/babel-template/-/babel-template-6.26.0.tgz",
          "integrity": "sha1-3gPi0WOWsGn0bdn/+FIfsaDjXgI="
        },
        "babel-traverse": {
          "version": "6.26.0",
          "resolved": "https://registry.npmjs.org/babel-traverse/-/babel-traverse-6.26.0.tgz",
          "integrity": "sha1-RqnL1+3MYsjlwGTi0tjQ9ANXZu4="
        },
        "babel-types": {
          "version": "6.26.0",
          "resolved": "https://registry.npmjs.org/babel-types/-/babel-types-6.26.0.tgz",
          "integrity": "sha1-o7Bz+Uq0nrb6Vc1lInozQ4BjJJc="
        },
        "babylon": {
          "version": "6.18.0",
          "resolved": "https://registry.npmjs.org/babylon/-/babylon-6.18.0.tgz",
          "integrity": "sha512-q/UEjfGJ2Cm3oKV71DJz9d25TPnq5rhBVL2Q4fA5wcC3jcrdn7+SssEybFIxwAvvP+YCsCYNKughoF33GxgycQ=="
        },
        "core-js": {
          "version": "2.5.0",
          "resolved": "https://registry.npmjs.org/core-js/-/core-js-2.5.0.tgz",
          "integrity": "sha1-VpwFCRi+ZIazg3VSAorgRmtxcIY="
        },
        "regenerator-runtime": {
          "version": "0.11.0",
          "resolved": "https://registry.npmjs.org/regenerator-runtime/-/regenerator-runtime-0.11.0.tgz",
          "integrity": "sha512-/aA0kLeRb5N9K0d4fw7ooEbI+xDe+DKD499EQqygGqeS8N3xto15p09uY2xj7ixP81sNPXvRLnAQIqdVStgb1A=="
        }
      }
    },
    "babel-loader": {
      "version": "7.1.2",
      "resolved": "https://registry.npmjs.org/babel-loader/-/babel-loader-7.1.2.tgz",
      "integrity": "sha512-jRwlFbINAeyDStqK6Dd5YuY0k5YuzQUvlz2ZamuXrXmxav3pNqe9vfJ402+2G+OmlJSXxCOpB6Uz0INM7RQe2A==",
      "dev": true
    },
    "babel-preset-env": {
      "version": "1.6.0",
      "resolved": "https://registry.npmjs.org/babel-preset-env/-/babel-preset-env-1.6.0.tgz",
      "integrity": "sha512-OVgtQRuOZKckrILgMA5rvctvFZPv72Gua9Rt006AiPoB0DJKGN07UmaQA+qRrYgK71MVct8fFhT0EyNWYorVew==",
      "dev": true
    },
    "babel-preset-react": {
      "version": "6.24.1",
      "resolved": "https://registry.npmjs.org/babel-preset-react/-/babel-preset-react-6.24.1.tgz",
      "integrity": "sha1-umnfrqRfw+xjm2pOzqbhdwLJE4A=",
      "dev": true
    },
    "css-loader": {
      "version": "0.28.7",
      "resolved": "https://registry.npmjs.org/css-loader/-/css-loader-0.28.7.tgz",
      "integrity": "sha512-GxMpax8a/VgcfRrVy0gXD6yLd5ePYbXX/5zGgTVYp4wXtJklS8Z2VaUArJgc//f6/Dzil7BaJObdSv8eKKCPgg==",
      "dev": true
    },
    "firebase-tools": {
      "version": "3.13.1",
      "resolved": "https://registry.npmjs.org/firebase-tools/-/firebase-tools-3.13.1.tgz",
      "integrity": "sha1-LKgqXN1eiHxf6WHNgBnkqYdiX1o=",
      "dev": true,
      "dependencies": {
        "async": {
          "version": "0.9.0",
          "resolved": "https://registry.npmjs.org/async/-/async-0.9.0.tgz",
          "integrity": "sha1-rDYTsdqb7RtHUQu0ZRuJMeRxRsc="
        },
        "cross-spawn": {
          "version": "4.0.2",
          "resolved": "https://registry.npmjs.org/cross-spawn/-/cross-spawn-4.0.2.tgz",
          "integrity": "sha1-e5JHYhwjrf3ThWAEqCPL45dCTUE="
        },
        "portfinder": {
          "version": "0.4.0",
          "resolved": "https://registry.npmjs.org/portfinder/-/portfinder-0.4.0.tgz",
          "integrity": "sha1-o/+t/6/k+5jgYBqF7aJ8J86Eyh4="
        },
        "uuid": {
          "version": "3.1.0",
          "resolved": "https://registry.npmjs.org/uuid/-/uuid-3.1.0.tgz",
          "integrity": "sha512-DIWtzUkw04M4k3bf1IcpS2tngXEL26YUD2M0tMDUpnUrz2hgzUBlD55a4FjdLGPvfHxS6uluGWvaVEqgBcVa+g=="
        }
      }
    },
    "html-webpack-plugin": {
      "version": "2.30.1",
      "resolved": "https://registry.npmjs.org/html-webpack-plugin/-/html-webpack-plugin-2.30.1.tgz",
      "integrity": "sha1-f5xCG36pHsRg9WUn1430hO51N9U=",
      "dev": true,
      "dependencies": {
        "loader-utils": {
          "version": "0.2.17",
          "resolved": "https://registry.npmjs.org/loader-utils/-/loader-utils-0.2.17.tgz",
          "integrity": "sha1-+G5jdNQyBabmxg6RlvF8Apm/s0g="
        }
      }
    },
    "js-tokens": {
      "version": "3.0.2",
      "resolved": "https://registry.npmjs.org/js-tokens/-/js-tokens-3.0.2.tgz",
      "integrity": "sha1-mGbfOVECEw449/mWvOtlRDIJwls="
    },
    "loose-envify": {
      "version": "1.3.1",
      "resolved": "https://registry.npmjs.org/loose-envify/-/loose-envify-1.3.1.tgz",
      "integrity": "sha1-0aitM/qc4OcT1l/dCsi3SNR4yEg="
    },
    "ms": {
      "version": "2.0.0",
      "resolved": "https://registry.npmjs.org/ms/-/ms-2.0.0.tgz",
      "integrity": "sha1-VgiurfwAvmwpAd9fmGF4jeDVl8g="
    },
    "object-assign": {
      "version": "4.1.1",
      "resolved": "https://registry.npmjs.org/object-assign/-/object-assign-4.1.1.tgz",
      "integrity": "sha1-IQmtx5ZYh8/AXLvUQsrIv7s2CGM="
    },
    "prop-types": {
      "version": "15.5.10",
      "resolved": "https://registry.npmjs.org/prop-types/-/prop-types-15.5.10.tgz",
      "integrity": "sha1-J5ffwxJhguOpXj37suiT3ddFYVQ="
    },
    "query-string": {
      "version": "5.0.0",
      "resolved": "https://registry.npmjs.org/query-string/-/query-string-5.0.0.tgz",
      "integrity": "sha1-+99wBLTSr/eS+YcZgbeieU9VWUc="
    },
    "react": {
      "version": "15.6.1",
      "resolved": "https://registry.npmjs.org/react/-/react-15.6.1.tgz",
      "integrity": "sha1-uqhDTsZ4C96ZfNw4C3nNM7ljk98="
    },
    "react-dom": {
      "version": "16.14.0",
      "resolved": "https://registry.npmjs.org/react-dom/-/react-dom-16.14.0.tgz",
      "integrity": "sha512-1gCeQXDLoIqMgqD3IO2Ah9bnf0w9kzhwN5q4FGnHZ67hBm9yePzB5JJAIQCc8x3pFnNlwFq4RidZggNAAkzWWw==",
      "requires": {
        "loose-envify": "^1.1.0",
        "object-assign": "^4.1.1",
        "prop-types": "^15.6.2",
        "scheduler": "^0.19.1"
      },
      "dependencies": {
        "prop-types": {
          "version": "15.8.1",
          "resolved": "https://registry.npmjs.org/prop-types/-/prop-types-15.8.1.tgz",
          "integrity": "sha512-oj87CgZICdulUohogVAR7AjlC0327U4el4L6eAvOqCeudMDVU0NThNaV+b9Df4dXgSP1gXMTnPdhfe/2qDH5cg==",
          "requires": {
            "loose-envify": "^1.4.0",
            "object-assign": "^4.1.1",
            "react-is": "^16.13.1"
          },
          "dependencies": {
            "loose-envify": {
              "version": "1.4.0",
              "resolved": "https://registry.npmjs.org/loose-envify/-/loose-envify-1.4.0.tgz",
              "integrity": "sha512-lyuxPGr/Wfhrlem2CL/UcnUc1zcqKAImBDzukY7Y5F/yQiNdko6+fRLevlw1HgMySw7f611UIY408EtxRSoK3Q==",
              "requires": {
                "js-tokens": "^3.0.0 || ^4.0.0"
              }
            }
          }
        }
      }
    },
    "react-is": {
      "version": "16.13.1",
      "resolved": "https://registry.npmjs.org/react-is/-/react-is-16.13.1.tgz",
      "integrity": "sha512-24e6ynE2H+OKt4kqsOvNd8kBpV65zoxbA4BVsEOB3ARVWQki/DHzaUoC5KuON/BiccDaCCTZBuOcfZs70kR8bQ=="
    },
    "react-router-dom": {
      "version": "4.2.2",
      "resolved": "https://registry.npmjs.org/react-router-dom/-/react-router-dom-4.2.2.tgz",
      "integrity": "sha512-cHMFC1ZoLDfEaMFoKTjN7fry/oczMgRt5BKfMAkTu5zEuJvUiPp1J8d0eXSVTnBh6pxlbdqDhozunOOLtmKfPA=="
    },
    "scheduler": {
      "version": "0.19.1",
      "resolved": "https://registry.npmjs.org/scheduler/-/scheduler-0.19.1.tgz",
      "integrity": "sha512-n/zwRWRYSUj0/3g/otKDRPMh6qv2SYMWNq85IEa8iZyAv8od9zDYpGSnpBEjNgcMNq6Scbu5KfIPxNF72R/2EA==",
      "requires": {
        "loose-envify": "^1.1.0",
        "object-assign": "^4.1.1"
      }
    },
    "spinkit": {
      "version": "1.2.5",
      "resolved": "https://registry.npmjs.org/spinkit/-/spinkit-1.2.5.tgz",
      "integrity": "sha1-kPn0ZqIOjjnvJNqVnB5hHCow3VQ=",
      "dev": true
    },
    "style-loader": {
      "version": "0.18.2",
      "resolved": "https://registry.npmjs.org/style-loader/-/style-loader-0.18.2.tgz",
      "integrity": "sha512-WPpJPZGUxWYHWIUMNNOYqql7zh85zGmr84FdTVWq52WTIkqlW9xSxD3QYWi/T31cqn9UNSsietVEgGn2aaSCzw==",
      "dev": true
    },
    "webpack": {
      "version": "3.6.0",
      "resolved": "https://registry.npmjs.org/webpack/-/webpack-3.6.0.tgz",
      "integrity": "sha512-OsHT3D0W0KmPPh60tC7asNnOmST6bKTiR90UyEdT9QYoaJ4OYN4Gg7WK1k3VxHK07ZoiYWPsKvlS/gAjwL/vRA==",
      "dev": true,
      "dependencies": {
        "has-flag": {
          "version": "2.0.0",
          "resolved": "https://registry.npmjs.org/has-flag/-/has-flag-2.0.0.tgz",
          "integrity": "sha1-6CB68cx7MNRGzHC3NLXovhj4jVE="
        },
        "supports-color": {
          "version": "4.4.0",
          "resolved": "https://registry.npmjs.org/supports-color/-/supports-color-4.4.0.tgz",
          "integrity": "sha512-rKC3+DyXWgK0ZLKwmRsrkyHVZAjNkfzeehuFWdGGcqGDTZFH73+RH6S/RDAAxl9GusSjZSUWYLmT9N5pzXFOXQ=="
        }
      }
    },
    "webpack-dev-server": {
      "version": "2.8.2",
      "resolved": "https://registry.npmjs.org/webpack-dev-server/-/webpack-dev-server-2.8.2.tgz",
      "integrity": "sha512-wD9bs+Z1uwvf3Jc+8ZkyMI0Xi+aJJYjC2UZplOWoo/vStelK5Mv62X2uXYEYIQEjy9wJQMzC0fEFqQsg7vVEIg==",
      "dev": true,
      "dependencies": {
        "camelcase": {
          "version": "3.0.0",
          "resolved": "https://registry.npmjs.org/camelcase/-/camelcase-3.0.0.tgz",
          "integrity": "sha1-MvxLn82vhF/N9+c7uXysImHwqwo="
        },
        "cliui": {
          "version": "3.2.0",
          "resolved": "https://registry.npmjs.org/cliui/-/cliui-3.2.0.tgz",
          "integrity": "sha1-EgYBU3qRbSmUD5NNo7SNWFo5IT0="
        },
        "find-up": {
          "version": "1.1.2",
          "resolved": "https://registry.npmjs.org/find-up/-/find-up-1.1.2.tgz",
          "integrity": "sha1-ay6YIrGizgpgq2TWEOzK1TyyTQ8="
        },
        "has-flag": {
          "version": "2.0.0",
          "resolved": "https://registry.npmjs.org/has-flag/-/has-flag-2.0.0.tgz",
          "integrity": "sha1-6CB68cx7MNRGzHC3NLXovhj4jVE="
        },
        "load-json-file": {
          "version": "1.1.0",
          "resolved": "https://registry.npmjs.org/load-json-file/-/load-json-file-1.1.0.tgz",
          "integrity": "sha1-lWkFcI1YtLq0wiYbBPWfMcmTdMA="
        },
        "os-locale": {
          "version": "1.4.0",
          "resolved": "https://registry.npmjs.org/os-locale/-/os-locale-1.4.0.tgz",
          "integrity": "sha1-IPnxeuKe00XoveWDsT0gCYA8FNk="
        },
        "path-exists": {
          "version": "2.1.0",
          "resolved": "https://registry.npmjs.org/path-exists/-/path-exists-2.1.0.tgz",
          "integrity": "sha1-D+tsZPD8UY2adU3V77YscCJ2H0s="
        },
        "path-type": {
          "version": "1.1.0",
          "resolved": "https://registry.npmjs.org/path-type/-/path-type-1.1.0.tgz",
          "integrity": "sha1-WcRPfuSR2nBNpBXaWkBwuk+P5EE="
        },
        "read-pkg": {
          "version": "1.1.0",
          "resolved": "https://registry.npmjs.org/read-pkg/-/read-pkg-1.1.0.tgz",
          "integrity": "sha1-9f+qXs0pyzHAR0vKfXVra7KePyg="
        },
        "read-pkg-up": {
          "version": "1.0.1",
          "resolved": "https://registry.npmjs.org/read-pkg-up/-/read-pkg-up-1.0.1.tgz",
          "integrity": "sha1-nWPBMnbAZZGNV/ACpX9AobZD+wI="
        },
        "string-width": {
          "version": "1.0.2",
          "resolved": "https://registry.npmjs.org/string-width/-/string-width-1.0.2.tgz",
          "integrity": "sha1-EYvfW4zcUaKn5w0hHgfisLmxB9M="
        },
        "strip-bom": {
          "version": "2.0.0",
          "resolved": "https://registry.npmjs.org/strip-bom/-/strip-bom-2.0.0.tgz",
          "integrity": "sha1-YhmoVhZSBJHzV4i9vxRHqZx+aw4="
        },
        "supports-color": {
          "version": "4.4.0",
          "resolved": "https://registry.npmjs.org/supports-color/-/supports-color-4.4.0.tgz",
          "integrity": "sha512-rKC3+DyXWgK0ZLKwmRsrkyHVZAjNkfzeehuFWdGGcqGDTZFH73+RH6S/RDAAxl9GusSjZSUWYLmT9N5pzXFOXQ=="
        },
        "which-module": {
          "version": "1.0.0",
          "resolved": "https://registry.npmjs.org/which-module/-/which-module-1.0.0.tgz",
          "integrity": "sha1-u6Y8qGGUiZT/MHc2CJ47lgJsKk8="
        },
        "yargs": {
          "version": "6.6.0",
          "resolved": "https://registry.npmjs.org/yargs/-/yargs-6.6.0.tgz",
          "integrity": "sha1-eC7CHvQDNF+DCoCMo9UTr1YGUgg="
        },
        "yargs-parser": {
          "version": "4.2.1",
          "resolved": "https://registry.npmjs.org/yargs-parser/-/yargs-parser-4.2.1.tgz",
          "integrity": "sha1-KczqwNxPA8bIe0qfIX3RjJ90hxw="
        }
      }
    }
  }
}
